
Microsoft Visual Studio Solution File, Format Version 12.00
# Visual Studio Version 17
VisualStudioVersion = 17.8.34330.188
MinimumVisualStudioVersion = 10.0.40219.1
Project("{9A19103F-16F7-4668-BE54-9A1E7A4F7556}") = "LiveCasino.Controller", "LiveCasino\LiveCasino.Controller.csproj", "{34355E35-D6CE-48DB-AF9A-CA672C4BF72A}"
EndProject
Project("{9A19103F-16F7-4668-BE54-9A1E7A4F7556}") = "LiveCasino.DLL", "LiveCasino.DLL\LiveCasino.DLL.csproj", "{A566F778-974D-4FBE-A583-CA89C76D65FB}"
EndProject
Project("{9A19103F-16F7-4668-BE54-9A1E7A4F7556}") = "LiveCasino.Service", "LiveCasino.Service\LiveCasino.Service.csproj", "{96E2E91E-1650-4EBC-AC1E-DA5E2121D304}"
EndProject
Project("{FAE04EC0-301F-11D3-BF4B-00C04F79EFBC}") = "CasinoLive.Common", "CasinoLive.Common\CasinoLive.Common.csproj", "{0442B379-39AC-4560-8B21-3141B069661C}"
EndProject
Project("{FAE04EC0-301F-11D3-BF4B-00C04F79EFBC}") = "LiveCasino.Logs", "LiveCasino.Logs\LiveCasino.Logs.csproj", "{3453ABA1-D5BF-4F80-95DA-092AFBE323D9}"
EndProject
Global
	GlobalSection(SolutionConfigurationPlatforms) = preSolution
		Debug|Any CPU = Debug|Any CPU
		Release|Any CPU = Release|Any CPU
	EndGlobalSection
	GlobalSection(ProjectConfigurationPlatforms) = postSolution
		{34355E35-D6CE-48DB-AF9A-CA672C4BF72A}.Debug|Any CPU.ActiveCfg = Debug|Any CPU
		{34355E35-D6CE-48DB-AF9A-CA672C4BF72A}.Debug|Any CPU.Build.0 = Debug|Any CPU
		{34355E35-D6CE-48DB-AF9A-CA672C4BF72A}.Release|Any CPU.ActiveCfg = Release|Any CPU
		{34355E35-D6CE-48DB-AF9A-CA672C4BF72A}.Release|Any CPU.Build.0 = Release|Any CPU
		{A566F778-974D-4FBE-A583-CA89C76D65FB}.Debug|Any CPU.ActiveCfg = Debug|Any CPU
		{A566F778-974D-4FBE-A583-CA89C76D65FB}.Debug|Any CPU.Build.0 = Debug|Any CPU
		{A566F778-974D-4FBE-A583-CA89C76D65FB}.Release|Any CPU.ActiveCfg = Release|Any CPU
		{A566F778-974D-4FBE-A583-CA89C76D65FB}.Release|Any CPU.Build.0 = Release|Any CPU
		{96E2E91E-1650-4EBC-AC1E-DA5E2121D304}.Debug|Any CPU.ActiveCfg = Debug|Any CPU
		{96E2E91E-1650-4EBC-AC1E-DA5E2121D304}.Debug|Any CPU.Build.0 = Debug|Any CPU
		{96E2E91E-1650-4EBC-AC1E-DA5E2121D304}.Release|Any CPU.ActiveCfg = Release|Any CPU
		{96E2E91E-1650-4EBC-AC1E-DA5E2121D304}.Release|Any CPU.Build.0 = Release|Any CPU
		{0442B379-39AC-4560-8B21-3141B069661C}.Debug|Any CPU.ActiveCfg = Debug|Any CPU
		{0442B379-39AC-4560-8B21-3141B069661C}.Debug|Any CPU.Build.0 = Debug|Any CPU
		{0442B379-39AC-4560-8B21-3141B069661C}.Release|Any CPU.ActiveCfg = Release|Any CPU
		{0442B379-39AC-4560-8B21-3141B069661C}.Release|Any CPU.Build.0 = Release|Any CPU
		{3453ABA1-D5BF-4F80-95DA-092AFBE323D9}.Debug|Any CPU.ActiveCfg = Debug|Any CPU
		{3453ABA1-D5BF-4F80-95DA-092AFBE323D9}.Debug|Any CPU.Build.0 = Debug|Any CPU
		{3453ABA1-D5BF-4F80-95DA-092AFBE323D9}.Release|Any CPU.ActiveCfg = Release|Any CPU
		{3453ABA1-D5BF-4F80-95DA-092AFBE323D9}.Release|Any CPU.Build.0 = Release|Any CPU
	EndGlobalSection
	GlobalSection(SolutionProperties) = preSolution
		HideSolutionNode = FALSE
	EndGlobalSection
	GlobalSection(ExtensibilityGlobals) = postSolution
		SolutionGuid = {2C2D6B58-9BD8-4543-A281-EA9660B0DA4B}
	EndGlobalSection
EndGlobal
